
Microsoft Visual Studio Solution File, Format Version 12.00
# Visual Studio 15
VisualStudioVersion = 15.0.28010.2036
MinimumVisualStudioVersion = 10.0.40219.1
Project("{2150E333-8FDC-42A3-9474-1A3956D46DE8}") = "old", "old", "{C8B59507-306B-4DA9-A4B2-33E7B3DF04FD}"
EndProject
Project("{8BC9CEB8-8B4A-11D0-8D11-00A0C91BC942}") = "DatabaseCore", "..\PixelJumper2\source\DatabaseCore\DatabaseCore.vcxproj", "{50F55989-DC3D-4134-9782-3174D0644AE9}"
EndProject
Project("{8BC9CEB8-8B4A-11D0-8D11-00A0C91BC942}") = "DatabaseCore", "Source\DatabaseCore\DatabaseCore.vcxproj", "{65B7374A-5535-4AFE-B861-6FE67D88403C}"
EndProject
Global
	GlobalSection(SolutionConfigurationPlatforms) = preSolution
		Debug|x64 = Debug|x64
		Debug|x86 = Debug|x86
		Release|x64 = Release|x64
		Release|x86 = Release|x86
	EndGlobalSection
	GlobalSection(ProjectConfigurationPlatforms) = postSolution
		{50F55989-DC3D-4134-9782-3174D0644AE9}.Debug|x64.ActiveCfg = Debug|x64
		{50F55989-DC3D-4134-9782-3174D0644AE9}.Debug|x64.Build.0 = Debug|x64
		{50F55989-DC3D-4134-9782-3174D0644AE9}.Debug|x86.ActiveCfg = Debug|x64
		{50F55989-DC3D-4134-9782-3174D0644AE9}.Release|x64.ActiveCfg = Release|x64
		{50F55989-DC3D-4134-9782-3174D0644AE9}.Release|x64.Build.0 = Release|x64
		{50F55989-DC3D-4134-9782-3174D0644AE9}.Release|x86.ActiveCfg = Release|x64
		{65B7374A-5535-4AFE-B861-6FE67D88403C}.Debug|x64.ActiveCfg = Debug|x64
		{65B7374A-5535-4AFE-B861-6FE67D88403C}.Debug|x64.Build.0 = Debug|x64
		{65B7374A-5535-4AFE-B861-6FE67D88403C}.Debug|x86.ActiveCfg = Debug|Win32
		{65B7374A-5535-4AFE-B861-6FE67D88403C}.Debug|x86.Build.0 = Debug|Win32
		{65B7374A-5535-4AFE-B861-6FE67D88403C}.Release|x64.ActiveCfg = Release|x64
		{65B7374A-5535-4AFE-B861-6FE67D88403C}.Release|x64.Build.0 = Release|x64
		{65B7374A-5535-4AFE-B861-6FE67D88403C}.Release|x86.ActiveCfg = Release|Win32
		{65B7374A-5535-4AFE-B861-6FE67D88403C}.Release|x86.Build.0 = Release|Win32
	EndGlobalSection
	GlobalSection(SolutionProperties) = preSolution
		HideSolutionNode = FALSE
	EndGlobalSection
	GlobalSection(NestedProjects) = preSolution
		{50F55989-DC3D-4134-9782-3174D0644AE9} = {C8B59507-306B-4DA9-A4B2-33E7B3DF04FD}
	EndGlobalSection
	GlobalSection(ExtensibilityGlobals) = postSolution
		SolutionGuid = {F277837B-6961-4F28-9EBB-3DE35147BFE0}
	EndGlobalSection
EndGlobal
